
Microsoft Visual Studio Solution File, Format Version 12.00
# Visual Studio 14
VisualStudioVersion = 14.0.24720.0
MinimumVisualStudioVersion = 10.0.40219.1
Project("{FAE04EC0-301F-11D3-BF4B-00C04F79EFBC}") = "RightNAU.DB.Entity", "RightNAU.Entity\RightNAU.DB.Entity.csproj", "{41EAA49F-BFFA-4E51-8BAA-ABF860EE25E2}"
EndProject
Project("{FAE04EC0-301F-11D3-BF4B-00C04F79EFBC}") = "RightNAU.DAL.Abstract", "RightNAU.DAl.Abstract\RightNAU.DAL.Abstract.csproj", "{41D6A236-B532-49A8-9AA7-F3F71F262C06}"
EndProject
Project("{FAE04EC0-301F-11D3-BF4B-00C04F79EFBC}") = "RightNAU.DAL.EF.Concrete", "RightNAU.EF.Concrete\RightNAU.DAL.EF.Concrete.csproj", "{DB757474-7E94-49E3-AF73-DB0C7A6B279F}"
EndProject
Project("{FAE04EC0-301F-11D3-BF4B-00C04F79EFBC}") = "RightNAU.API.Entity", "RightNAU.API.Entity\RightNAU.API.Entity.csproj", "{2F7FAE9F-9459-4DB6-81F8-F7455241B747}"
EndProject
Project("{FAE04EC0-301F-11D3-BF4B-00C04F79EFBC}") = "RightNAU.API.DAL.Abstract", "RightNAU.API.DAL.Abstract\RightNAU.API.DAL.Abstract.csproj", "{5FADD122-4CC2-4206-B4C8-945354AD1638}"
EndProject
Project("{FAE04EC0-301F-11D3-BF4B-00C04F79EFBC}") = "RightNAU.API.DAL.Concrete", "RightNAU.API.DAL.Concrete\RightNAU.API.DAL.Concrete.csproj", "{2E42D118-DD36-45AC-B52B-BF644C175418}"
EndProject
Global
	GlobalSection(SolutionConfigurationPlatforms) = preSolution
		Debug|Any CPU = Debug|Any CPU
		Release|Any CPU = Release|Any CPU
	EndGlobalSection
	GlobalSection(ProjectConfigurationPlatforms) = postSolution
		{41EAA49F-BFFA-4E51-8BAA-ABF860EE25E2}.Debug|Any CPU.ActiveCfg = Debug|Any CPU
		{41EAA49F-BFFA-4E51-8BAA-ABF860EE25E2}.Debug|Any CPU.Build.0 = Debug|Any CPU
		{41EAA49F-BFFA-4E51-8BAA-ABF860EE25E2}.Release|Any CPU.ActiveCfg = Release|Any CPU
		{41EAA49F-BFFA-4E51-8BAA-ABF860EE25E2}.Release|Any CPU.Build.0 = Release|Any CPU
		{41D6A236-B532-49A8-9AA7-F3F71F262C06}.Debug|Any CPU.ActiveCfg = Debug|Any CPU
		{41D6A236-B532-49A8-9AA7-F3F71F262C06}.Debug|Any CPU.Build.0 = Debug|Any CPU
		{41D6A236-B532-49A8-9AA7-F3F71F262C06}.Release|Any CPU.ActiveCfg = Release|Any CPU
		{41D6A236-B532-49A8-9AA7-F3F71F262C06}.Release|Any CPU.Build.0 = Release|Any CPU
		{DB757474-7E94-49E3-AF73-DB0C7A6B279F}.Debug|Any CPU.ActiveCfg = Debug|Any CPU
		{DB757474-7E94-49E3-AF73-DB0C7A6B279F}.Debug|Any CPU.Build.0 = Debug|Any CPU
		{DB757474-7E94-49E3-AF73-DB0C7A6B279F}.Release|Any CPU.ActiveCfg = Release|Any CPU
		{DB757474-7E94-49E3-AF73-DB0C7A6B279F}.Release|Any CPU.Build.0 = Release|Any CPU
		{2F7FAE9F-9459-4DB6-81F8-F7455241B747}.Debug|Any CPU.ActiveCfg = Debug|Any CPU
		{2F7FAE9F-9459-4DB6-81F8-F7455241B747}.Debug|Any CPU.Build.0 = Debug|Any CPU
		{2F7FAE9F-9459-4DB6-81F8-F7455241B747}.Release|Any CPU.ActiveCfg = Release|Any CPU
		{2F7FAE9F-9459-4DB6-81F8-F7455241B747}.Release|Any CPU.Build.0 = Release|Any CPU
		{5FADD122-4CC2-4206-B4C8-945354AD1638}.Debug|Any CPU.ActiveCfg = Debug|Any CPU
		{5FADD122-4CC2-4206-B4C8-945354AD1638}.Debug|Any CPU.Build.0 = Debug|Any CPU
		{5FADD122-4CC2-4206-B4C8-945354AD1638}.Release|Any CPU.ActiveCfg = Release|Any CPU
		{5FADD122-4CC2-4206-B4C8-945354AD1638}.Release|Any CPU.Build.0 = Release|Any CPU
		{2E42D118-DD36-45AC-B52B-BF644C175418}.Debug|Any CPU.ActiveCfg = Debug|Any CPU
		{2E42D118-DD36-45AC-B52B-BF644C175418}.Debug|Any CPU.Build.0 = Debug|Any CPU
		{2E42D118-DD36-45AC-B52B-BF644C175418}.Release|Any CPU.ActiveCfg = Release|Any CPU
		{2E42D118-DD36-45AC-B52B-BF644C175418}.Release|Any CPU.Build.0 = Release|Any CPU
	EndGlobalSection
	GlobalSection(SolutionProperties) = preSolution
		HideSolutionNode = FALSE
	EndGlobalSection
EndGlobal
